// !$*UTF8*$!
{
	archiveVersion = 1;
	classes = {
	};
	objectVersion = 56;
	objects = {

/* Begin PBXBuildFile section */
		A10000000000000000000001 /* SC680ConfigApp.swift in Sources */ = {isa = PBXBuildFile; fileRef = A20000000000000000000001; };
		A10000000000000000000002 /* DeviceIDs.swift in Sources */ = {isa = PBXBuildFile; fileRef = A20000000000000000000002; };
		A10000000000000000000003 /* HIDTransport.swift in Sources */ = {isa = PBXBuildFile; fileRef = A20000000000000000000003; };
		A10000000000000000000004 /* BekenCodec.swift in Sources */ = {isa = PBXBuildFile; fileRef = A20000000000000000000004; };
		A10000000000000000000005 /* MouseProtocol.swift in Sources */ = {isa = PBXBuildFile; fileRef = A20000000000000000000005; };
		A10000000000000000000006 /* MouseState.swift in Sources */ = {isa = PBXBuildFile; fileRef = A20000000000000000000006; };
		A10000000000000000000007 /* ButtonAction+Codable.swift in Sources */ = {isa = PBXBuildFile; fileRef = A20000000000000000000007; };
		A10000000000000000000008 /* ContentView.swift in Sources */ = {isa = PBXBuildFile; fileRef = A20000000000000000000008; };
		A10000000000000000000009 /* SettingsPages.swift in Sources */ = {isa = PBXBuildFile; fileRef = A20000000000000000000009; };
/* End PBXBuildFile section */

/* Begin PBXFileReference section */
		A20000000000000000000001 /* SC680ConfigApp.swift */ = {isa = PBXFileReference; lastKnownFileType = sourcecode.swift; path = SC680ConfigApp.swift; sourceTree = "<group>"; };
		A20000000000000000000002 /* DeviceIDs.swift */ = {isa = PBXFileReference; lastKnownFileType = sourcecode.swift; path = DeviceIDs.swift; sourceTree = "<group>"; };
		A20000000000000000000003 /* HIDTransport.swift */ = {isa = PBXFileReference; lastKnownFileType = sourcecode.swift; path = HIDTransport.swift; sourceTree = "<group>"; };
		A20000000000000000000004 /* BekenCodec.swift */ = {isa = PBXFileReference; lastKnownFileType = sourcecode.swift; path = BekenCodec.swift; sourceTree = "<group>"; };
		A20000000000000000000005 /* MouseProtocol.swift */ = {isa = PBXFileReference; lastKnownFileType = sourcecode.swift; path = MouseProtocol.swift; sourceTree = "<group>"; };
		A20000000000000000000006 /* MouseState.swift */ = {isa = PBXFileReference; lastKnownFileType = sourcecode.swift; path = MouseState.swift; sourceTree = "<group>"; };
		A20000000000000000000007 /* ButtonAction+Codable.swift */ = {isa = PBXFileReference; lastKnownFileType = sourcecode.swift; path = "ButtonAction+Codable.swift"; sourceTree = "<group>"; };
		A20000000000000000000008 /* ContentView.swift */ = {isa = PBXFileReference; lastKnownFileType = sourcecode.swift; path = ContentView.swift; sourceTree = "<group>"; };
		A20000000000000000000009 /* SettingsPages.swift */ = {isa = PBXFileReference; lastKnownFileType = sourcecode.swift; path = SettingsPages.swift; sourceTree = "<group>"; };
		A2000000000000000000000A /* SC680Config.entitlements */ = {isa = PBXFileReference; lastKnownFileType = text.plist.entitlements; path = SC680Config.entitlements; sourceTree = "<group>"; };
		A2000000000000000000000B /* Info.plist */ = {isa = PBXFileReference; lastKnownFileType = text.plist.xml; path = Info.plist; sourceTree = "<group>"; };
		A2000000000000000000000C /* SC680Config.app */ = {isa = PBXFileReference; explicitFileType = wrapper.application; includeInIndex = 0; path = SC680Config.app; sourceTree = BUILT_PRODUCTS_DIR; };
/* End PBXFileReference section */

/* Begin PBXFrameworksBuildPhase section */
		A30000000000000000000001 /* Frameworks */ = {
			isa = PBXFrameworksBuildPhase;
			buildActionMask = 2147483647;
			files = (
			);
			runOnlyForDeploymentPostprocessing = 0;
		};
/* End PBXFrameworksBuildPhase section */

/* Begin PBXGroup section */
		A40000000000000000000001 = {
			isa = PBXGroup;
			children = (
				A40000000000000000000002 /* SC680Config */,
				A40000000000000000000003 /* Products */,
			);
			sourceTree = "<group>";
		};
		A40000000000000000000002 /* SC680Config */ = {
			isa = PBXGroup;
			children = (
				A20000000000000000000001 /* SC680ConfigApp.swift */,
				A2000000000000000000000A /* SC680Config.entitlements */,
				A2000000000000000000000B /* Info.plist */,
				A40000000000000000000004 /* HID */,
				A40000000000000000000005 /* Protocol */,
				A40000000000000000000006 /* Models */,
				A40000000000000000000007 /* Views */,
			);
			path = SC680Config;
			sourceTree = "<group>";
		};
		A40000000000000000000003 /* Products */ = {
			isa = PBXGroup;
			children = (
				A2000000000000000000000C /* SC680Config.app */,
			);
			name = Products;
			sourceTree = "<group>";
		};
		A40000000000000000000004 /* HID */ = {
			isa = PBXGroup;
			children = (
				A20000000000000000000002 /* DeviceIDs.swift */,
				A20000000000000000000003 /* HIDTransport.swift */,
			);
			path = HID;
			sourceTree = "<group>";
		};
		A40000000000000000000005 /* Protocol */ = {
			isa = PBXGroup;
			children = (
				A20000000000000000000004 /* BekenCodec.swift */,
				A20000000000000000000005 /* MouseProtocol.swift */,
			);
			path = Protocol;
			sourceTree = "<group>";
		};
		A40000000000000000000006 /* Models */ = {
			isa = PBXGroup;
			children = (
				A20000000000000000000006 /* MouseState.swift */,
				A20000000000000000000007 /* ButtonAction+Codable.swift */,
			);
			path = Models;
			sourceTree = "<group>";
		};
		A40000000000000000000007 /* Views */ = {
			isa = PBXGroup;
			children = (
				A20000000000000000000008 /* ContentView.swift */,
				A20000000000000000000009 /* SettingsPages.swift */,
			);
			path = Views;
			sourceTree = "<group>";
		};
/* End PBXGroup section */

/* Begin PBXNativeTarget section */
		A50000000000000000000001 /* SC680Config */ = {
			isa = PBXNativeTarget;
			buildConfigurationList = A70000000000000000000003 /* Build configuration list for PBXNativeTarget "SC680Config" */;
			buildPhases = (
				A60000000000000000000001 /* Sources */,
				A30000000000000000000001 /* Frameworks */,
				A60000000000000000000002 /* Resources */,
			);
			buildRules = (
			);
			dependencies = (
			);
			name = SC680Config;
			productName = SC680Config;
			productReference = A2000000000000000000000C /* SC680Config.app */;
			productType = "com.apple.product-type.application";
		};
/* End PBXNativeTarget section */

/* Begin PBXProject section */
		A80000000000000000000001 /* Project object */ = {
			isa = PBXProject;
			attributes = {
				BuildIndependentTargetsInParallel = 1;
				LastSwiftUpdateCheck = 1500;
				LastUpgradeCheck = 1500;
			};
			buildConfigurationList = A70000000000000000000001 /* Build configuration list for PBXProject "SC680Config" */;
			compatibilityVersion = "Xcode 14.0";
			developmentRegion = en;
			hasScannedForEncodings = 0;
			knownRegions = (
				en,
				Base,
			);
			mainGroup = A40000000000000000000001;
			productRefGroup = A40000000000000000000003 /* Products */;
			projectDirPath = "";
			projectRoot = "";
			targets = (
				A50000000000000000000001 /* SC680Config */,
			);
		};
/* End PBXProject section */

/* Begin PBXResourcesBuildPhase section */
		A60000000000000000000002 /* Resources */ = {
			isa = PBXResourcesBuildPhase;
			buildActionMask = 2147483647;
			files = (
			);
			runOnlyForDeploymentPostprocessing = 0;
		};
/* End PBXResourcesBuildPhase section */

/* Begin PBXSourcesBuildPhase section */
		A60000000000000000000001 /* Sources */ = {
			isa = PBXSourcesBuildPhase;
			buildActionMask = 2147483647;
			files = (
				A10000000000000000000001 /* SC680ConfigApp.swift in Sources */,
				A10000000000000000000002 /* DeviceIDs.swift in Sources */,
				A10000000000000000000003 /* HIDTransport.swift in Sources */,
				A10000000000000000000004 /* BekenCodec.swift in Sources */,
				A10000000000000000000005 /* MouseProtocol.swift in Sources */,
				A10000000000000000000006 /* MouseState.swift in Sources */,
				A10000000000000000000007 /* ButtonAction+Codable.swift in Sources */,
				A10000000000000000000008 /* ContentView.swift in Sources */,
				A10000000000000000000009 /* SettingsPages.swift in Sources */,
			);
			runOnlyForDeploymentPostprocessing = 0;
		};
/* End PBXSourcesBuildPhase section */

/* Begin XCBuildConfiguration section */
		A90000000000000000000001 /* Debug */ = {
			isa = XCBuildConfiguration;
			buildSettings = {
				ALWAYS_SEARCH_USER_PATHS = NO;
				CLANG_ENABLE_MODULES = YES;
				COPY_PHASE_STRIP = NO;
				DEBUG_INFORMATION_FORMAT = dwarf;
				MACOSX_DEPLOYMENT_TARGET = 13.0;
				ONLY_ACTIVE_ARCH = YES;
				SDKROOT = macosx;
				SWIFT_ACTIVE_COMPILATION_CONDITIONS = DEBUG;
				SWIFT_OPTIMIZATION_LEVEL = "-Onone";
			};
			name = Debug;
		};
		A90000000000000000000002 /* Release */ = {
			isa = XCBuildConfiguration;
			buildSettings = {
				ALWAYS_SEARCH_USER_PATHS = NO;
				CLANG_ENABLE_MODULES = YES;
				COPY_PHASE_STRIP = NO;
				DEBUG_INFORMATION_FORMAT = "dwarf-with-dsym";
				MACOSX_DEPLOYMENT_TARGET = 13.0;
				SDKROOT = macosx;
				SWIFT_COMPILATION_MODE = wholemodule;
			};
			name = Release;
		};
		A90000000000000000000003 /* Debug */ = {
			isa = XCBuildConfiguration;
			buildSettings = {
				CODE_SIGN_ENTITLEMENTS = SC680Config/SC680Config.entitlements;
				CODE_SIGN_STYLE = Automatic;
				COMBINE_HIDPI_IMAGES = YES;
				CURRENT_PROJECT_VERSION = 13;
				ENABLE_HARDENED_RUNTIME = YES;
				GENERATE_INFOPLIST_FILE = NO;
				INFOPLIST_FILE = SC680Config/Info.plist;
				LD_RUNPATH_SEARCH_PATHS = (
					"$(inherited)",
					"@executable_path/../Frameworks",
				);
				MARKETING_VERSION = 1.0.12;
				PRODUCT_BUNDLE_IDENTIFIER = com.aula.sc680config;
				PRODUCT_NAME = "$(TARGET_NAME)";
				SWIFT_EMIT_LOC_STRINGS = YES;
				SWIFT_VERSION = 5.0;
			};
			name = Debug;
		};
		A90000000000000000000004 /* Release */ = {
			isa = XCBuildConfiguration;
			buildSettings = {
				CODE_SIGN_ENTITLEMENTS = SC680Config/SC680Config.entitlements;
				CODE_SIGN_STYLE = Automatic;
				COMBINE_HIDPI_IMAGES = YES;
				CURRENT_PROJECT_VERSION = 13;
				ENABLE_HARDENED_RUNTIME = YES;
				GENERATE_INFOPLIST_FILE = NO;
				INFOPLIST_FILE = SC680Config/Info.plist;
				LD_RUNPATH_SEARCH_PATHS = (
					"$(inherited)",
					"@executable_path/../Frameworks",
				);
				MARKETING_VERSION = 1.0.12;
				PRODUCT_BUNDLE_IDENTIFIER = com.aula.sc680config;
				PRODUCT_NAME = "$(TARGET_NAME)";
				SWIFT_EMIT_LOC_STRINGS = YES;
				SWIFT_VERSION = 5.0;
			};
			name = Release;
		};
/* End XCBuildConfiguration section */

/* Begin XCConfigurationList section */
		A70000000000000000000001 /* Build configuration list for PBXProject "SC680Config" */ = {
			isa = XCConfigurationList;
			buildConfigurations = (
				A90000000000000000000001 /* Debug */,
				A90000000000000000000002 /* Release */,
			);
			defaultConfigurationIsVisible = 0;
			defaultConfigurationName = Release;
		};
		A70000000000000000000003 /* Build configuration list for PBXNativeTarget "SC680Config" */ = {
			isa = XCConfigurationList;
			buildConfigurations = (
				A90000000000000000000003 /* Debug */,
				A90000000000000000000004 /* Release */,
			);
			defaultConfigurationIsVisible = 0;
			defaultConfigurationName = Release;
		};
/* End XCConfigurationList section */
	};
	rootObject = A80000000000000000000001 /* Project object */;
}
